
Microsoft Visual Studio Solution File, Format Version 12.00
# Visual Studio Version 17
VisualStudioVersion = 17.3.32922.545
MinimumVisualStudioVersion = 10.0.40219.1
Project("{9A19103F-16F7-4668-BE54-9A1E7A4F7556}") = "Portfolio.WebApi", "src\Portfolio.WebApi\Portfolio.WebApi.csproj", "{F50E8295-BF04-4C67-B57D-88A4E9F7289E}"
EndProject
Project("{2150E333-8FDC-42A3-9474-1A3956D46DE8}") = "Solution Items", "Solution Items", "{A4FC1955-DE5B-4744-BB93-94072C7D467C}"
	ProjectSection(SolutionItems) = preProject
		.editorconfig = .editorconfig
	EndProjectSection
EndProject
Project("{FAE04EC0-301F-11D3-BF4B-00C04F79EFBC}") = "PortfolioTests", "PortfolioTests\PortfolioTests.csproj", "{B151634C-5CB5-433E-9CEC-3F98B454CCB7}"
EndProject
Global
	GlobalSection(SolutionConfigurationPlatforms) = preSolution
		Debug|Any CPU = Debug|Any CPU
		Release|Any CPU = Release|Any CPU
	EndGlobalSection
	GlobalSection(ProjectConfigurationPlatforms) = postSolution
		{F50E8295-BF04-4C67-B57D-88A4E9F7289E}.Debug|Any CPU.ActiveCfg = Debug|Any CPU
		{F50E8295-BF04-4C67-B57D-88A4E9F7289E}.Debug|Any CPU.Build.0 = Debug|Any CPU
		{F50E8295-BF04-4C67-B57D-88A4E9F7289E}.Release|Any CPU.ActiveCfg = Release|Any CPU
		{F50E8295-BF04-4C67-B57D-88A4E9F7289E}.Release|Any CPU.Build.0 = Release|Any CPU
		{B151634C-5CB5-433E-9CEC-3F98B454CCB7}.Debug|Any CPU.ActiveCfg = Debug|Any CPU
		{B151634C-5CB5-433E-9CEC-3F98B454CCB7}.Debug|Any CPU.Build.0 = Debug|Any CPU
		{B151634C-5CB5-433E-9CEC-3F98B454CCB7}.Release|Any CPU.ActiveCfg = Release|Any CPU
		{B151634C-5CB5-433E-9CEC-3F98B454CCB7}.Release|Any CPU.Build.0 = Release|Any CPU
	EndGlobalSection
	GlobalSection(SolutionProperties) = preSolution
		HideSolutionNode = FALSE
	EndGlobalSection
	GlobalSection(ExtensibilityGlobals) = postSolution
		SolutionGuid = {BBD8787B-6300-4868-A688-7AD675E0B157}
	EndGlobalSection
EndGlobal
